
Microsoft Visual Studio Solution File, Format Version 12.00
# Visual Studio 2013
VisualStudioVersion = 12.0.30723.0
MinimumVisualStudioVersion = 10.0.40219.1
Project("{FAE04EC0-301F-11D3-BF4B-00C04F79EFBC}") = "WinProcfs", "WinProcfs\WinProcfs.csproj", "{3171A305-D7EB-4E91-8AAC-09D008BA6330}"
EndProject
Project("{2150E333-8FDC-42A3-9474-1A3956D46DE8}") = "Adapters", "Adapters", "{AD34E369-45FE-4732-936F-93FDE91B3B5B}"
EndProject
Project("{2150E333-8FDC-42A3-9474-1A3956D46DE8}") = "Helper", "Helper", "{7DD51658-870B-423D-9E19-1966922D68FA}"
EndProject
Project("{FAE04EC0-301F-11D3-BF4B-00C04F79EFBC}") = "Utility", "Utilitie\Utility.csproj", "{E6FC0B09-EDE2-4CED-90A7-A54A3FA56147}"
EndProject
Project("{FAE04EC0-301F-11D3-BF4B-00C04F79EFBC}") = "NullFileSystem", "NullFileSystem\NullFileSystem.csproj", "{6DEA6F24-43B9-4AAD-9056-6848103F198E}"
EndProject
Project("{2150E333-8FDC-42A3-9474-1A3956D46DE8}") = "Solution Items", "Solution Items", "{574B1CE6-5985-4C2C-ACCF-181536843BA7}"
	ProjectSection(SolutionItems) = preProject
		Performance1.psess = Performance1.psess
		Performance2.psess = Performance2.psess
	EndProjectSection
EndProject
Project("{2150E333-8FDC-42A3-9474-1A3956D46DE8}") = "ScalablityAttempts", "ScalablityAttempts", "{9FE72698-3CB4-4E53-8D17-84915B6E60E0}"
EndProject
Global
	GlobalSection(SolutionConfigurationPlatforms) = preSolution
		BuildZipRelease|Any CPU = BuildZipRelease|Any CPU
		BuildZipRelease|Mixed Platforms = BuildZipRelease|Mixed Platforms
		BuildZipRelease|x86 = BuildZipRelease|x86
		Debug - replace taskmgr|Any CPU = Debug - replace taskmgr|Any CPU
		Debug - replace taskmgr|Mixed Platforms = Debug - replace taskmgr|Mixed Platforms
		Debug - replace taskmgr|x86 = Debug - replace taskmgr|x86
		Debug - server|Any CPU = Debug - server|Any CPU
		Debug - server|Mixed Platforms = Debug - server|Mixed Platforms
		Debug - server|x86 = Debug - server|x86
		Debug (replace taskmgr)|Any CPU = Debug (replace taskmgr)|Any CPU
		Debug (replace taskmgr)|Mixed Platforms = Debug (replace taskmgr)|Mixed Platforms
		Debug (replace taskmgr)|x86 = Debug (replace taskmgr)|x86
		Debug|Any CPU = Debug|Any CPU
		Debug|Mixed Platforms = Debug|Mixed Platforms
		Debug|x86 = Debug|x86
		DebugServer|Any CPU = DebugServer|Any CPU
		DebugServer|Mixed Platforms = DebugServer|Mixed Platforms
		DebugServer|x86 = DebugServer|x86
		Make zip release|Any CPU = Make zip release|Any CPU
		Make zip release|Mixed Platforms = Make zip release|Mixed Platforms
		Make zip release|x86 = Make zip release|x86
		Release - server|Any CPU = Release - server|Any CPU
		Release - server|Mixed Platforms = Release - server|Mixed Platforms
		Release - server|x86 = Release - server|x86
		Release|Any CPU = Release|Any CPU
		Release|Mixed Platforms = Release|Mixed Platforms
		Release|x86 = Release|x86
	EndGlobalSection
	GlobalSection(ProjectConfigurationPlatforms) = postSolution
		{3171A305-D7EB-4E91-8AAC-09D008BA6330}.BuildZipRelease|Any CPU.ActiveCfg = Release|Any CPU
		{3171A305-D7EB-4E91-8AAC-09D008BA6330}.BuildZipRelease|Any CPU.Build.0 = Release|Any CPU
		{3171A305-D7EB-4E91-8AAC-09D008BA6330}.BuildZipRelease|Mixed Platforms.ActiveCfg = Release|x86
		{3171A305-D7EB-4E91-8AAC-09D008BA6330}.BuildZipRelease|Mixed Platforms.Build.0 = Release|x86
		{3171A305-D7EB-4E91-8AAC-09D008BA6330}.BuildZipRelease|x86.ActiveCfg = Release|x86
		{3171A305-D7EB-4E91-8AAC-09D008BA6330}.BuildZipRelease|x86.Build.0 = Release|x86
		{3171A305-D7EB-4E91-8AAC-09D008BA6330}.Debug - replace taskmgr|Any CPU.ActiveCfg = Debug|Any CPU
		{3171A305-D7EB-4E91-8AAC-09D008BA6330}.Debug - replace taskmgr|Any CPU.Build.0 = Debug|Any CPU
		{3171A305-D7EB-4E91-8AAC-09D008BA6330}.Debug - replace taskmgr|Mixed Platforms.ActiveCfg = Debug|x86
		{3171A305-D7EB-4E91-8AAC-09D008BA6330}.Debug - replace taskmgr|Mixed Platforms.Build.0 = Debug|x86
		{3171A305-D7EB-4E91-8AAC-09D008BA6330}.Debug - replace taskmgr|x86.ActiveCfg = Debug|x86
		{3171A305-D7EB-4E91-8AAC-09D008BA6330}.Debug - replace taskmgr|x86.Build.0 = Debug|x86
		{3171A305-D7EB-4E91-8AAC-09D008BA6330}.Debug - server|Any CPU.ActiveCfg = Debug|Any CPU
		{3171A305-D7EB-4E91-8AAC-09D008BA6330}.Debug - server|Any CPU.Build.0 = Debug|Any CPU
		{3171A305-D7EB-4E91-8AAC-09D008BA6330}.Debug - server|Mixed Platforms.ActiveCfg = Debug|x86
		{3171A305-D7EB-4E91-8AAC-09D008BA6330}.Debug - server|Mixed Platforms.Build.0 = Debug|x86
		{3171A305-D7EB-4E91-8AAC-09D008BA6330}.Debug - server|x86.ActiveCfg = Debug|x86
		{3171A305-D7EB-4E91-8AAC-09D008BA6330}.Debug - server|x86.Build.0 = Debug|x86
		{3171A305-D7EB-4E91-8AAC-09D008BA6330}.Debug (replace taskmgr)|Any CPU.ActiveCfg = Debug|Any CPU
		{3171A305-D7EB-4E91-8AAC-09D008BA6330}.Debug (replace taskmgr)|Any CPU.Build.0 = Debug|Any CPU
		{3171A305-D7EB-4E91-8AAC-09D008BA6330}.Debug (replace taskmgr)|Mixed Platforms.ActiveCfg = Debug|x86
		{3171A305-D7EB-4E91-8AAC-09D008BA6330}.Debug (replace taskmgr)|Mixed Platforms.Build.0 = Debug|x86
		{3171A305-D7EB-4E91-8AAC-09D008BA6330}.Debug (replace taskmgr)|x86.ActiveCfg = Debug|x86
		{3171A305-D7EB-4E91-8AAC-09D008BA6330}.Debug (replace taskmgr)|x86.Build.0 = Debug|x86
		{3171A305-D7EB-4E91-8AAC-09D008BA6330}.Debug|Any CPU.ActiveCfg = Debug|Any CPU
		{3171A305-D7EB-4E91-8AAC-09D008BA6330}.Debug|Any CPU.Build.0 = Debug|Any CPU
		{3171A305-D7EB-4E91-8AAC-09D008BA6330}.Debug|Mixed Platforms.ActiveCfg = Debug|x86
		{3171A305-D7EB-4E91-8AAC-09D008BA6330}.Debug|Mixed Platforms.Build.0 = Debug|x86
		{3171A305-D7EB-4E91-8AAC-09D008BA6330}.Debug|x86.ActiveCfg = Debug|x86
		{3171A305-D7EB-4E91-8AAC-09D008BA6330}.Debug|x86.Build.0 = Debug|x86
		{3171A305-D7EB-4E91-8AAC-09D008BA6330}.DebugServer|Any CPU.ActiveCfg = Debug|Any CPU
		{3171A305-D7EB-4E91-8AAC-09D008BA6330}.DebugServer|Any CPU.Build.0 = Debug|Any CPU
		{3171A305-D7EB-4E91-8AAC-09D008BA6330}.DebugServer|Mixed Platforms.ActiveCfg = Debug|x86
		{3171A305-D7EB-4E91-8AAC-09D008BA6330}.DebugServer|Mixed Platforms.Build.0 = Debug|x86
		{3171A305-D7EB-4E91-8AAC-09D008BA6330}.DebugServer|x86.ActiveCfg = Debug|x86
		{3171A305-D7EB-4E91-8AAC-09D008BA6330}.DebugServer|x86.Build.0 = Debug|x86
		{3171A305-D7EB-4E91-8AAC-09D008BA6330}.Make zip release|Any CPU.ActiveCfg = Release|Any CPU
		{3171A305-D7EB-4E91-8AAC-09D008BA6330}.Make zip release|Any CPU.Build.0 = Release|Any CPU
		{3171A305-D7EB-4E91-8AAC-09D008BA6330}.Make zip release|Mixed Platforms.ActiveCfg = Release|x86
		{3171A305-D7EB-4E91-8AAC-09D008BA6330}.Make zip release|Mixed Platforms.Build.0 = Release|x86
		{3171A305-D7EB-4E91-8AAC-09D008BA6330}.Make zip release|x86.ActiveCfg = Release|x86
		{3171A305-D7EB-4E91-8AAC-09D008BA6330}.Make zip release|x86.Build.0 = Release|x86
		{3171A305-D7EB-4E91-8AAC-09D008BA6330}.Release - server|Any CPU.ActiveCfg = Release|Any CPU
		{3171A305-D7EB-4E91-8AAC-09D008BA6330}.Release - server|Any CPU.Build.0 = Release|Any CPU
		{3171A305-D7EB-4E91-8AAC-09D008BA6330}.Release - server|Mixed Platforms.ActiveCfg = Release|x86
		{3171A305-D7EB-4E91-8AAC-09D008BA6330}.Release - server|Mixed Platforms.Build.0 = Release|x86
		{3171A305-D7EB-4E91-8AAC-09D008BA6330}.Release - server|x86.ActiveCfg = Release|x86
		{3171A305-D7EB-4E91-8AAC-09D008BA6330}.Release - server|x86.Build.0 = Release|x86
		{3171A305-D7EB-4E91-8AAC-09D008BA6330}.Release|Any CPU.ActiveCfg = Release|Any CPU
		{3171A305-D7EB-4E91-8AAC-09D008BA6330}.Release|Any CPU.Build.0 = Release|Any CPU
		{3171A305-D7EB-4E91-8AAC-09D008BA6330}.Release|Mixed Platforms.ActiveCfg = Release|x86
		{3171A305-D7EB-4E91-8AAC-09D008BA6330}.Release|Mixed Platforms.Build.0 = Release|x86
		{3171A305-D7EB-4E91-8AAC-09D008BA6330}.Release|x86.ActiveCfg = Release|x86
		{3171A305-D7EB-4E91-8AAC-09D008BA6330}.Release|x86.Build.0 = Release|x86
		{E6FC0B09-EDE2-4CED-90A7-A54A3FA56147}.BuildZipRelease|Any CPU.ActiveCfg = Release|Any CPU
		{E6FC0B09-EDE2-4CED-90A7-A54A3FA56147}.BuildZipRelease|Any CPU.Build.0 = Release|Any CPU
		{E6FC0B09-EDE2-4CED-90A7-A54A3FA56147}.BuildZipRelease|Mixed Platforms.ActiveCfg = Release|Any CPU
		{E6FC0B09-EDE2-4CED-90A7-A54A3FA56147}.BuildZipRelease|Mixed Platforms.Build.0 = Release|Any CPU
		{E6FC0B09-EDE2-4CED-90A7-A54A3FA56147}.BuildZipRelease|x86.ActiveCfg = Release|Any CPU
		{E6FC0B09-EDE2-4CED-90A7-A54A3FA56147}.Debug - replace taskmgr|Any CPU.ActiveCfg = Debug|Any CPU
		{E6FC0B09-EDE2-4CED-90A7-A54A3FA56147}.Debug - replace taskmgr|Any CPU.Build.0 = Debug|Any CPU
		{E6FC0B09-EDE2-4CED-90A7-A54A3FA56147}.Debug - replace taskmgr|Mixed Platforms.ActiveCfg = Debug|Any CPU
		{E6FC0B09-EDE2-4CED-90A7-A54A3FA56147}.Debug - replace taskmgr|Mixed Platforms.Build.0 = Debug|Any CPU
		{E6FC0B09-EDE2-4CED-90A7-A54A3FA56147}.Debug - replace taskmgr|x86.ActiveCfg = Debug|Any CPU
		{E6FC0B09-EDE2-4CED-90A7-A54A3FA56147}.Debug - server|Any CPU.ActiveCfg = Debug|Any CPU
		{E6FC0B09-EDE2-4CED-90A7-A54A3FA56147}.Debug - server|Any CPU.Build.0 = Debug|Any CPU
		{E6FC0B09-EDE2-4CED-90A7-A54A3FA56147}.Debug - server|Mixed Platforms.ActiveCfg = Debug|Any CPU
		{E6FC0B09-EDE2-4CED-90A7-A54A3FA56147}.Debug - server|Mixed Platforms.Build.0 = Debug|Any CPU
		{E6FC0B09-EDE2-4CED-90A7-A54A3FA56147}.Debug - server|x86.ActiveCfg = Debug|Any CPU
		{E6FC0B09-EDE2-4CED-90A7-A54A3FA56147}.Debug (replace taskmgr)|Any CPU.ActiveCfg = Debug|Any CPU
		{E6FC0B09-EDE2-4CED-90A7-A54A3FA56147}.Debug (replace taskmgr)|Any CPU.Build.0 = Debug|Any CPU
		{E6FC0B09-EDE2-4CED-90A7-A54A3FA56147}.Debug (replace taskmgr)|Mixed Platforms.ActiveCfg = Debug|Any CPU
		{E6FC0B09-EDE2-4CED-90A7-A54A3FA56147}.Debug (replace taskmgr)|Mixed Platforms.Build.0 = Debug|Any CPU
		{E6FC0B09-EDE2-4CED-90A7-A54A3FA56147}.Debug (replace taskmgr)|x86.ActiveCfg = Debug|Any CPU
		{E6FC0B09-EDE2-4CED-90A7-A54A3FA56147}.Debug|Any CPU.ActiveCfg = Debug|Any CPU
		{E6FC0B09-EDE2-4CED-90A7-A54A3FA56147}.Debug|Any CPU.Build.0 = Debug|Any CPU
		{E6FC0B09-EDE2-4CED-90A7-A54A3FA56147}.Debug|Mixed Platforms.ActiveCfg = Debug|Any CPU
		{E6FC0B09-EDE2-4CED-90A7-A54A3FA56147}.Debug|Mixed Platforms.Build.0 = Debug|Any CPU
		{E6FC0B09-EDE2-4CED-90A7-A54A3FA56147}.Debug|x86.ActiveCfg = Debug|Any CPU
		{E6FC0B09-EDE2-4CED-90A7-A54A3FA56147}.DebugServer|Any CPU.ActiveCfg = Debug|Any CPU
		{E6FC0B09-EDE2-4CED-90A7-A54A3FA56147}.DebugServer|Any CPU.Build.0 = Debug|Any CPU
		{E6FC0B09-EDE2-4CED-90A7-A54A3FA56147}.DebugServer|Mixed Platforms.ActiveCfg = Debug|Any CPU
		{E6FC0B09-EDE2-4CED-90A7-A54A3FA56147}.DebugServer|Mixed Platforms.Build.0 = Debug|Any CPU
		{E6FC0B09-EDE2-4CED-90A7-A54A3FA56147}.DebugServer|x86.ActiveCfg = Debug|Any CPU
		{E6FC0B09-EDE2-4CED-90A7-A54A3FA56147}.Make zip release|Any CPU.ActiveCfg = Release|Any CPU
		{E6FC0B09-EDE2-4CED-90A7-A54A3FA56147}.Make zip release|Any CPU.Build.0 = Release|Any CPU
		{E6FC0B09-EDE2-4CED-90A7-A54A3FA56147}.Make zip release|Mixed Platforms.ActiveCfg = Release|Any CPU
		{E6FC0B09-EDE2-4CED-90A7-A54A3FA56147}.Make zip release|Mixed Platforms.Build.0 = Release|Any CPU
		{E6FC0B09-EDE2-4CED-90A7-A54A3FA56147}.Make zip release|x86.ActiveCfg = Release|Any CPU
		{E6FC0B09-EDE2-4CED-90A7-A54A3FA56147}.Release - server|Any CPU.ActiveCfg = Release|Any CPU
		{E6FC0B09-EDE2-4CED-90A7-A54A3FA56147}.Release - server|Any CPU.Build.0 = Release|Any CPU
		{E6FC0B09-EDE2-4CED-90A7-A54A3FA56147}.Release - server|Mixed Platforms.ActiveCfg = Release|Any CPU
		{E6FC0B09-EDE2-4CED-90A7-A54A3FA56147}.Release - server|Mixed Platforms.Build.0 = Release|Any CPU
		{E6FC0B09-EDE2-4CED-90A7-A54A3FA56147}.Release - server|x86.ActiveCfg = Release|Any CPU
		{E6FC0B09-EDE2-4CED-90A7-A54A3FA56147}.Release|Any CPU.ActiveCfg = Release|Any CPU
		{E6FC0B09-EDE2-4CED-90A7-A54A3FA56147}.Release|Any CPU.Build.0 = Release|Any CPU
		{E6FC0B09-EDE2-4CED-90A7-A54A3FA56147}.Release|Mixed Platforms.ActiveCfg = Release|Any CPU
		{E6FC0B09-EDE2-4CED-90A7-A54A3FA56147}.Release|Mixed Platforms.Build.0 = Release|Any CPU
		{E6FC0B09-EDE2-4CED-90A7-A54A3FA56147}.Release|x86.ActiveCfg = Release|Any CPU
		{6DEA6F24-43B9-4AAD-9056-6848103F198E}.BuildZipRelease|Any CPU.ActiveCfg = Release|Any CPU
		{6DEA6F24-43B9-4AAD-9056-6848103F198E}.BuildZipRelease|Any CPU.Build.0 = Release|Any CPU
		{6DEA6F24-43B9-4AAD-9056-6848103F198E}.BuildZipRelease|Mixed Platforms.ActiveCfg = Release|Any CPU
		{6DEA6F24-43B9-4AAD-9056-6848103F198E}.BuildZipRelease|Mixed Platforms.Build.0 = Release|Any CPU
		{6DEA6F24-43B9-4AAD-9056-6848103F198E}.BuildZipRelease|x86.ActiveCfg = Release|Any CPU
		{6DEA6F24-43B9-4AAD-9056-6848103F198E}.Debug - replace taskmgr|Any CPU.ActiveCfg = Debug|Any CPU
		{6DEA6F24-43B9-4AAD-9056-6848103F198E}.Debug - replace taskmgr|Any CPU.Build.0 = Debug|Any CPU
		{6DEA6F24-43B9-4AAD-9056-6848103F198E}.Debug - replace taskmgr|Mixed Platforms.ActiveCfg = Debug|Any CPU
		{6DEA6F24-43B9-4AAD-9056-6848103F198E}.Debug - replace taskmgr|Mixed Platforms.Build.0 = Debug|Any CPU
		{6DEA6F24-43B9-4AAD-9056-6848103F198E}.Debug - replace taskmgr|x86.ActiveCfg = Debug|Any CPU
		{6DEA6F24-43B9-4AAD-9056-6848103F198E}.Debug - server|Any CPU.ActiveCfg = Debug|Any CPU
		{6DEA6F24-43B9-4AAD-9056-6848103F198E}.Debug - server|Any CPU.Build.0 = Debug|Any CPU
		{6DEA6F24-43B9-4AAD-9056-6848103F198E}.Debug - server|Mixed Platforms.ActiveCfg = Debug|Any CPU
		{6DEA6F24-43B9-4AAD-9056-6848103F198E}.Debug - server|Mixed Platforms.Build.0 = Debug|Any CPU
		{6DEA6F24-43B9-4AAD-9056-6848103F198E}.Debug - server|x86.ActiveCfg = Debug|Any CPU
		{6DEA6F24-43B9-4AAD-9056-6848103F198E}.Debug (replace taskmgr)|Any CPU.ActiveCfg = Debug|Any CPU
		{6DEA6F24-43B9-4AAD-9056-6848103F198E}.Debug (replace taskmgr)|Any CPU.Build.0 = Debug|Any CPU
		{6DEA6F24-43B9-4AAD-9056-6848103F198E}.Debug (replace taskmgr)|Mixed Platforms.ActiveCfg = Debug|Any CPU
		{6DEA6F24-43B9-4AAD-9056-6848103F198E}.Debug (replace taskmgr)|Mixed Platforms.Build.0 = Debug|Any CPU
		{6DEA6F24-43B9-4AAD-9056-6848103F198E}.Debug (replace taskmgr)|x86.ActiveCfg = Debug|Any CPU
		{6DEA6F24-43B9-4AAD-9056-6848103F198E}.Debug|Any CPU.ActiveCfg = Debug|Any CPU
		{6DEA6F24-43B9-4AAD-9056-6848103F198E}.Debug|Any CPU.Build.0 = Debug|Any CPU
		{6DEA6F24-43B9-4AAD-9056-6848103F198E}.Debug|Mixed Platforms.ActiveCfg = Debug|Any CPU
		{6DEA6F24-43B9-4AAD-9056-6848103F198E}.Debug|Mixed Platforms.Build.0 = Debug|Any CPU
		{6DEA6F24-43B9-4AAD-9056-6848103F198E}.Debug|x86.ActiveCfg = Debug|Any CPU
		{6DEA6F24-43B9-4AAD-9056-6848103F198E}.DebugServer|Any CPU.ActiveCfg = Debug|Any CPU
		{6DEA6F24-43B9-4AAD-9056-6848103F198E}.DebugServer|Any CPU.Build.0 = Debug|Any CPU
		{6DEA6F24-43B9-4AAD-9056-6848103F198E}.DebugServer|Mixed Platforms.ActiveCfg = Debug|Any CPU
		{6DEA6F24-43B9-4AAD-9056-6848103F198E}.DebugServer|Mixed Platforms.Build.0 = Debug|Any CPU
		{6DEA6F24-43B9-4AAD-9056-6848103F198E}.DebugServer|x86.ActiveCfg = Debug|Any CPU
		{6DEA6F24-43B9-4AAD-9056-6848103F198E}.Make zip release|Any CPU.ActiveCfg = Release|Any CPU
		{6DEA6F24-43B9-4AAD-9056-6848103F198E}.Make zip release|Any CPU.Build.0 = Release|Any CPU
		{6DEA6F24-43B9-4AAD-9056-6848103F198E}.Make zip release|Mixed Platforms.ActiveCfg = Release|Any CPU
		{6DEA6F24-43B9-4AAD-9056-6848103F198E}.Make zip release|Mixed Platforms.Build.0 = Release|Any CPU
		{6DEA6F24-43B9-4AAD-9056-6848103F198E}.Make zip release|x86.ActiveCfg = Release|Any CPU
		{6DEA6F24-43B9-4AAD-9056-6848103F198E}.Release - server|Any CPU.ActiveCfg = Release|Any CPU
		{6DEA6F24-43B9-4AAD-9056-6848103F198E}.Release - server|Any CPU.Build.0 = Release|Any CPU
		{6DEA6F24-43B9-4AAD-9056-6848103F198E}.Release - server|Mixed Platforms.ActiveCfg = Release|Any CPU
		{6DEA6F24-43B9-4AAD-9056-6848103F198E}.Release - server|Mixed Platforms.Build.0 = Release|Any CPU
		{6DEA6F24-43B9-4AAD-9056-6848103F198E}.Release - server|x86.ActiveCfg = Release|Any CPU
		{6DEA6F24-43B9-4AAD-9056-6848103F198E}.Release|Any CPU.ActiveCfg = Release|Any CPU
		{6DEA6F24-43B9-4AAD-9056-6848103F198E}.Release|Any CPU.Build.0 = Release|Any CPU
		{6DEA6F24-43B9-4AAD-9056-6848103F198E}.Release|Mixed Platforms.ActiveCfg = Release|Any CPU
		{6DEA6F24-43B9-4AAD-9056-6848103F198E}.Release|Mixed Platforms.Build.0 = Release|Any CPU
		{6DEA6F24-43B9-4AAD-9056-6848103F198E}.Release|x86.ActiveCfg = Release|Any CPU
	EndGlobalSection
	GlobalSection(SolutionProperties) = preSolution
		HideSolutionNode = FALSE
	EndGlobalSection
	GlobalSection(NestedProjects) = preSolution
		{3171A305-D7EB-4E91-8AAC-09D008BA6330} = {AD34E369-45FE-4732-936F-93FDE91B3B5B}
		{E6FC0B09-EDE2-4CED-90A7-A54A3FA56147} = {7DD51658-870B-423D-9E19-1966922D68FA}
		{6DEA6F24-43B9-4AAD-9056-6848103F198E} = {AD34E369-45FE-4732-936F-93FDE91B3B5B}
	EndGlobalSection
	GlobalSection(Performance) = preSolution
		HasPerformanceSessions = true
	EndGlobalSection
EndGlobal
